// !$*UTF8*$!
{
	archiveVersion = 1;
	classes = {
	};
	objectVersion = 46;
	objects = {

/* Begin PBXBuildFile section */
		BF8B718F1B11FB67005BDFDB /* AppDelegate.swift in Sources */ = {isa = PBXBuildFile; fileRef = BF8B718E1B11FB67005BDFDB /* AppDelegate.swift */; };
		BF8B71911B11FB67005BDFDB /* ViewController.swift in Sources */ = {isa = PBXBuildFile; fileRef = BF8B71901B11FB67005BDFDB /* ViewController.swift */; };
		BF8B71941B11FB67005BDFDB /* Main.storyboard in Resources */ = {isa = PBXBuildFile; fileRef = BF8B71921B11FB67005BDFDB /* Main.storyboard */; };
		BF8B71961B11FB67005BDFDB /* Images.xcassets in Resources */ = {isa = PBXBuildFile; fileRef = BF8B71951B11FB67005BDFDB /* Images.xcassets */; };
		BF8B71991B11FB67005BDFDB /* LaunchScreen.xib in Resources */ = {isa = PBXBuildFile; fileRef = BF8B71971B11FB67005BDFDB /* LaunchScreen.xib */; };
		BF8B71A51B11FB67005BDFDB /* ZapAddressBookTests.swift in Sources */ = {isa = PBXBuildFile; fileRef = BF8B71A41B11FB67005BDFDB /* ZapAddressBookTests.swift */; };
/* End PBXBuildFile section */

/* Begin PBXContainerItemProxy section */
		BF8B719F1B11FB67005BDFDB /* PBXContainerItemProxy */ = {
			isa = PBXContainerItemProxy;
			containerPortal = BF8B71811B11FB67005BDFDB /* Project object */;
			proxyType = 1;
			remoteGlobalIDString = BF8B71881B11FB67005BDFDB;
			remoteInfo = ZapAddressBook;
		};
/* End PBXContainerItemProxy section */

/* Begin PBXFileReference section */
		BF8B71891B11FB67005BDFDB /* ZapAddressBook.app */ = {isa = PBXFileReference; explicitFileType = wrapper.application; includeInIndex = 0; path = ZapAddressBook.app; sourceTree = BUILT_PRODUCTS_DIR; };
		BF8B718D1B11FB67005BDFDB /* Info.plist */ = {isa = PBXFileReference; lastKnownFileType = text.plist.xml; path = Info.plist; sourceTree = "<group>"; };
		BF8B718E1B11FB67005BDFDB /* AppDelegate.swift */ = {isa = PBXFileReference; lastKnownFileType = sourcecode.swift; path = AppDelegate.swift; sourceTree = "<group>"; };
		BF8B71901B11FB67005BDFDB /* ViewController.swift */ = {isa = PBXFileReference; lastKnownFileType = sourcecode.swift; path = ViewController.swift; sourceTree = "<group>"; };
		BF8B71931B11FB67005BDFDB /* Base */ = {isa = PBXFileReference; lastKnownFileType = file.storyboard; name = Base; path = Base.lproj/Main.storyboard; sourceTree = "<group>"; };
		BF8B71951B11FB67005BDFDB /* Images.xcassets */ = {isa = PBXFileReference; lastKnownFileType = folder.assetcatalog; path = Images.xcassets; sourceTree = "<group>"; };
		BF8B71981B11FB67005BDFDB /* Base */ = {isa = PBXFileReference; lastKnownFileType = file.xib; name = Base; path = Base.lproj/LaunchScreen.xib; sourceTree = "<group>"; };
		BF8B719E1B11FB67005BDFDB /* ZapAddressBookTests.xctest */ = {isa = PBXFileReference; explicitFileType = wrapper.cfbundle; includeInIndex = 0; path = ZapAddressBookTests.xctest; sourceTree = BUILT_PRODUCTS_DIR; };
		BF8B71A31B11FB67005BDFDB /* Info.plist */ = {isa = PBXFileReference; lastKnownFileType = text.plist.xml; path = Info.plist; sourceTree = "<group>"; };
		BF8B71A41B11FB67005BDFDB /* ZapAddressBookTests.swift */ = {isa = PBXFileReference; lastKnownFileType = sourcecode.swift; path = ZapAddressBookTests.swift; sourceTree = "<group>"; };
/* End PBXFileReference section */

/* Begin PBXFrameworksBuildPhase section */
		BF8B71861B11FB67005BDFDB /* Frameworks */ = {
			isa = PBXFrameworksBuildPhase;
			buildActionMask = 2147483647;
			files = (
			);
			runOnlyForDeploymentPostprocessing = 0;
		};
		BF8B719B1B11FB67005BDFDB /* Frameworks */ = {
			isa = PBXFrameworksBuildPhase;
			buildActionMask = 2147483647;
			files = (
			);
			runOnlyForDeploymentPostprocessing = 0;
		};
/* End PBXFrameworksBuildPhase section */

/* Begin PBXGroup section */
		BF8B71801B11FB67005BDFDB = {
			isa = PBXGroup;
			children = (
				BF8B718B1B11FB67005BDFDB /* ZapAddressBook */,
				BF8B71A11B11FB67005BDFDB /* ZapAddressBookTests */,
				BF8B718A1B11FB67005BDFDB /* Products */,
			);
			sourceTree = "<group>";
		};
		BF8B718A1B11FB67005BDFDB /* Products */ = {
			isa = PBXGroup;
			children = (
				BF8B71891B11FB67005BDFDB /* ZapAddressBook.app */,
				BF8B719E1B11FB67005BDFDB /* ZapAddressBookTests.xctest */,
			);
			name = Products;
			sourceTree = "<group>";
		};
		BF8B718B1B11FB67005BDFDB /* ZapAddressBook */ = {
			isa = PBXGroup;
			children = (
				BF8B718E1B11FB67005BDFDB /* AppDelegate.swift */,
				BF8B71901B11FB67005BDFDB /* ViewController.swift */,
				BF8B71921B11FB67005BDFDB /* Main.storyboard */,
				BF8B71951B11FB67005BDFDB /* Images.xcassets */,
				BF8B71971B11FB67005BDFDB /* LaunchScreen.xib */,
				BF8B718C1B11FB67005BDFDB /* Supporting Files */,
			);
			path = ZapAddressBook;
			sourceTree = "<group>";
		};
		BF8B718C1B11FB67005BDFDB /* Supporting Files */ = {
			isa = PBXGroup;
			children = (
				BF8B718D1B11FB67005BDFDB /* Info.plist */,
			);
			name = "Supporting Files";
			sourceTree = "<group>";
		};
		BF8B71A11B11FB67005BDFDB /* ZapAddressBookTests */ = {
			isa = PBXGroup;
			children = (
				BF8B71A41B11FB67005BDFDB /* ZapAddressBookTests.swift */,
				BF8B71A21B11FB67005BDFDB /* Supporting Files */,
			);
			path = ZapAddressBookTests;
			sourceTree = "<group>";
		};
		BF8B71A21B11FB67005BDFDB /* Supporting Files */ = {
			isa = PBXGroup;
			children = (
				BF8B71A31B11FB67005BDFDB /* Info.plist */,
			);
			name = "Supporting Files";
			sourceTree = "<group>";
		};
/* End PBXGroup section */

/* Begin PBXNativeTarget section */
		BF8B71881B11FB67005BDFDB /* ZapAddressBook */ = {
			isa = PBXNativeTarget;
			buildConfigurationList = BF8B71A81B11FB67005BDFDB /* Build configuration list for PBXNativeTarget "ZapAddressBook" */;
			buildPhases = (
				BF8B71851B11FB67005BDFDB /* Sources */,
				BF8B71861B11FB67005BDFDB /* Frameworks */,
				BF8B71871B11FB67005BDFDB /* Resources */,
			);
			buildRules = (
			);
			dependencies = (
			);
			name = ZapAddressBook;
			productName = ZapAddressBook;
			productReference = BF8B71891B11FB67005BDFDB /* ZapAddressBook.app */;
			productType = "com.apple.product-type.application";
		};
		BF8B719D1B11FB67005BDFDB /* ZapAddressBookTests */ = {
			isa = PBXNativeTarget;
			buildConfigurationList = BF8B71AB1B11FB67005BDFDB /* Build configuration list for PBXNativeTarget "ZapAddressBookTests" */;
			buildPhases = (
				BF8B719A1B11FB67005BDFDB /* Sources */,
				BF8B719B1B11FB67005BDFDB /* Frameworks */,
				BF8B719C1B11FB67005BDFDB /* Resources */,
			);
			buildRules = (
			);
			dependencies = (
				BF8B71A01B11FB67005BDFDB /* PBXTargetDependency */,
			);
			name = ZapAddressBookTests;
			productName = ZapAddressBookTests;
			productReference = BF8B719E1B11FB67005BDFDB /* ZapAddressBookTests.xctest */;
			productType = "com.apple.product-type.bundle.unit-test";
		};
/* End PBXNativeTarget section */

/* Begin PBXProject section */
		BF8B71811B11FB67005BDFDB /* Project object */ = {
			isa = PBXProject;
			attributes = {
				LastUpgradeCheck = 0630;
				ORGANIZATIONNAME = "Ryan Heitner";
				TargetAttributes = {
					BF8B71881B11FB67005BDFDB = {
						CreatedOnToolsVersion = 6.3.1;
					};
					BF8B719D1B11FB67005BDFDB = {
						CreatedOnToolsVersion = 6.3.1;
						TestTargetID = BF8B71881B11FB67005BDFDB;
					};
				};
			};
			buildConfigurationList = BF8B71841B11FB67005BDFDB /* Build configuration list for PBXProject "ZapAddressBook" */;
			compatibilityVersion = "Xcode 3.2";
			developmentRegion = English;
			hasScannedForEncodings = 0;
			knownRegions = (
				en,
				Base,
			);
			mainGroup = BF8B71801B11FB67005BDFDB;
			productRefGroup = BF8B718A1B11FB67005BDFDB /* Products */;
			projectDirPath = "";
			projectRoot = "";
			targets = (
				BF8B71881B11FB67005BDFDB /* ZapAddressBook */,
				BF8B719D1B11FB67005BDFDB /* ZapAddressBookTests */,
			);
		};
/* End PBXProject section */

/* Begin PBXResourcesBuildPhase section */
		BF8B71871B11FB67005BDFDB /* Resources */ = {
			isa = PBXResourcesBuildPhase;
			buildActionMask = 2147483647;
			files = (
				BF8B71941B11FB67005BDFDB /* Main.storyboard in Resources */,
				BF8B71991B11FB67005BDFDB /* LaunchScreen.xib in Resources */,
				BF8B71961B11FB67005BDFDB /* Images.xcassets in Resources */,
			);
			runOnlyForDeploymentPostprocessing = 0;
		};
		BF8B719C1B11FB67005BDFDB /* Resources */ = {
			isa = PBXResourcesBuildPhase;
			buildActionMask = 2147483647;
			files = (
			);
			runOnlyForDeploymentPostprocessing = 0;
		};
/* End PBXResourcesBuildPhase section */

/* Begin PBXSourcesBuildPhase section */
		BF8B71851B11FB67005BDFDB /* Sources */ = {
			isa = PBXSourcesBuildPhase;
			buildActionMask = 2147483647;
			files = (
				BF8B71911B11FB67005BDFDB /* ViewController.swift in Sources */,
				BF8B718F1B11FB67005BDFDB /* AppDelegate.swift in Sources */,
			);
			runOnlyForDeploymentPostprocessing = 0;
		};
		BF8B719A1B11FB67005BDFDB /* Sources */ = {
			isa = PBXSourcesBuildPhase;
			buildActionMask = 2147483647;
			files = (
				BF8B71A51B11FB67005BDFDB /* ZapAddressBookTests.swift in Sources */,
			);
			runOnlyForDeploymentPostprocessing = 0;
		};
/* End PBXSourcesBuildPhase section */

/* Begin PBXTargetDependency section */
		BF8B71A01B11FB67005BDFDB /* PBXTargetDependency */ = {
			isa = PBXTargetDependency;
			target = BF8B71881B11FB67005BDFDB /* ZapAddressBook */;
			targetProxy = BF8B719F1B11FB67005BDFDB /* PBXContainerItemProxy */;
		};
/* End PBXTargetDependency section */

/* Begin PBXVariantGroup section */
		BF8B71921B11FB67005BDFDB /* Main.storyboard */ = {
			isa = PBXVariantGroup;
			children = (
				BF8B71931B11FB67005BDFDB /* Base */,
			);
			name = Main.storyboard;
			sourceTree = "<group>";
		};
		BF8B71971B11FB67005BDFDB /* LaunchScreen.xib */ = {
			isa = PBXVariantGroup;
			children = (
				BF8B71981B11FB67005BDFDB /* Base */,
			);
			name = LaunchScreen.xib;
			sourceTree = "<group>";
		};
/* End PBXVariantGroup section */

/* Begin XCBuildConfiguration section */
		BF8B71A61B11FB67005BDFDB /* Debug */ = {
			isa = XCBuildConfiguration;
			buildSettings = {
				ALWAYS_SEARCH_USER_PATHS = NO;
				CLANG_CXX_LANGUAGE_STANDARD = "gnu++0x";
				CLANG_CXX_LIBRARY = "libc++";
				CLANG_ENABLE_MODULES = YES;
				CLANG_ENABLE_OBJC_ARC = YES;
				CLANG_WARN_BOOL_CONVERSION = YES;
				CLANG_WARN_CONSTANT_CONVERSION = YES;
				CLANG_WARN_DIRECT_OBJC_ISA_USAGE = YES_ERROR;
				CLANG_WARN_EMPTY_BODY = YES;
				CLANG_WARN_ENUM_CONVERSION = YES;
				CLANG_WARN_INT_CONVERSION = YES;
				CLANG_WARN_OBJC_ROOT_CLASS = YES_ERROR;
				CLANG_WARN_UNREACHABLE_CODE = YES;
				CLANG_WARN__DUPLICATE_METHOD_MATCH = YES;
				"CODE_SIGN_IDENTITY[sdk=iphoneos*]" = "iPhone Developer";
				COPY_PHASE_STRIP = NO;
				DEBUG_INFORMATION_FORMAT = "dwarf-with-dsym";
				ENABLE_STRICT_OBJC_MSGSEND = YES;
				GCC_C_LANGUAGE_STANDARD = gnu99;
				GCC_DYNAMIC_NO_PIC = NO;
				GCC_NO_COMMON_BLOCKS = YES;
				GCC_OPTIMIZATION_LEVEL = 0;
				GCC_PREPROCESSOR_DEFINITIONS = (
					"DEBUG=1",
					"$(inherited)",
				);
				GCC_SYMBOLS_PRIVATE_EXTERN = NO;
				GCC_WARN_64_TO_32_BIT_CONVERSION = YES;
				GCC_WARN_ABOUT_RETURN_TYPE = YES_ERROR;
				GCC_WARN_UNDECLARED_SELECTOR = YES;
				GCC_WARN_UNINITIALIZED_AUTOS = YES_AGGRESSIVE;
				GCC_WARN_UNUSED_FUNCTION = YES;
				GCC_WARN_UNUSED_VARIABLE = YES;
				IPHONEOS_DEPLOYMENT_TARGET = 8.3;
				MTL_ENABLE_DEBUG_INFO = YES;
				ONLY_ACTIVE_ARCH = YES;
				SDKROOT = iphoneos;
				SWIFT_OPTIMIZATION_LEVEL = "-Onone";
				TARGETED_DEVICE_FAMILY = 2;
			};
			name = Debug;
		};
		BF8B71A71B11FB67005BDFDB /* Release */ = {
			isa = XCBuildConfiguration;
			buildSettings = {
				ALWAYS_SEARCH_USER_PATHS = NO;
				CLANG_CXX_LANGUAGE_STANDARD = "gnu++0x";
				CLANG_CXX_LIBRARY = "libc++";
				CLANG_ENABLE_MODULES = YES;
				CLANG_ENABLE_OBJC_ARC = YES;
				CLANG_WARN_BOOL_CONVERSION = YES;
				CLANG_WARN_CONSTANT_CONVERSION = YES;
				CLANG_WARN_DIRECT_OBJC_ISA_USAGE = YES_ERROR;
				CLANG_WARN_EMPTY_BODY = YES;
				CLANG_WARN_ENUM_CONVERSION = YES;
				CLANG_WARN_INT_CONVERSION = YES;
				CLANG_WARN_OBJC_ROOT_CLASS = YES_ERROR;
				CLANG_WARN_UNREACHABLE_CODE = YES;
				CLANG_WARN__DUPLICATE_METHOD_MATCH = YES;
				"CODE_SIGN_IDENTITY[sdk=iphoneos*]" = "iPhone Developer";
				COPY_PHASE_STRIP = NO;
				DEBUG_INFORMATION_FORMAT = "dwarf-with-dsym";
				ENABLE_NS_ASSERTIONS = NO;
				ENABLE_STRICT_OBJC_MSGSEND = YES;
				GCC_C_LANGUAGE_STANDARD = gnu99;
				GCC_NO_COMMON_BLOCKS = YES;
				GCC_WARN_64_TO_32_BIT_CONVERSION = YES;
				GCC_WARN_ABOUT_RETURN_TYPE = YES_ERROR;
				GCC_WARN_UNDECLARED_SELECTOR = YES;
				GCC_WARN_UNINITIALIZED_AUTOS = YES_AGGRESSIVE;
				GCC_WARN_UNUSED_FUNCTION = YES;
				GCC_WARN_UNUSED_VARIABLE = YES;
				IPHONEOS_DEPLOYMENT_TARGET = 8.3;
				MTL_ENABLE_DEBUG_INFO = NO;
				SDKROOT = iphoneos;
				TARGETED_DEVICE_FAMILY = 2;
				VALIDATE_PRODUCT = YES;
			};
			name = Release;
		};
		BF8B71A91B11FB67005BDFDB /* Debug */ = {
			isa = XCBuildConfiguration;
			buildSettings = {
				ASSETCATALOG_COMPILER_APPICON_NAME = AppIcon;
				INFOPLIST_FILE = ZapAddressBook/Info.plist;
				LD_RUNPATH_SEARCH_PATHS = "$(inherited) @executable_path/Frameworks";
				PRODUCT_NAME = "$(TARGET_NAME)";
			};
			name = Debug;
		};
		BF8B71AA1B11FB67005BDFDB /* Release */ = {
			isa = XCBuildConfiguration;
			buildSettings = {
				ASSETCATALOG_COMPILER_APPICON_NAME = AppIcon;
				INFOPLIST_FILE = ZapAddressBook/Info.plist;
				LD_RUNPATH_SEARCH_PATHS = "$(inherited) @executable_path/Frameworks";
				PRODUCT_NAME = "$(TARGET_NAME)";
			};
			name = Release;
		};
		BF8B71AC1B11FB67005BDFDB /* Debug */ = {
			isa = XCBuildConfiguration;
			buildSettings = {
				BUNDLE_LOADER = "$(TEST_HOST)";
				FRAMEWORK_SEARCH_PATHS = (
					"$(SDKROOT)/Developer/Library/Frameworks",
					"$(inherited)",
				);
				GCC_PREPROCESSOR_DEFINITIONS = (
					"DEBUG=1",
					"$(inherited)",
				);
				INFOPLIST_FILE = ZapAddressBookTests/Info.plist;
				LD_RUNPATH_SEARCH_PATHS = "$(inherited) @executable_path/Frameworks @loader_path/Frameworks";
				PRODUCT_NAME = "$(TARGET_NAME)";
				TEST_HOST = "$(BUILT_PRODUCTS_DIR)/ZapAddressBook.app/ZapAddressBook";
			};
			name = Debug;
		};
		BF8B71AD1B11FB67005BDFDB /* Release */ = {
			isa = XCBuildConfiguration;
			buildSettings = {
				BUNDLE_LOADER = "$(TEST_HOST)";
				FRAMEWORK_SEARCH_PATHS = (
					"$(SDKROOT)/Developer/Library/Frameworks",
					"$(inherited)",
				);
				INFOPLIST_FILE = ZapAddressBookTests/Info.plist;
				LD_RUNPATH_SEARCH_PATHS = "$(inherited) @executable_path/Frameworks @loader_path/Frameworks";
				PRODUCT_NAME = "$(TARGET_NAME)";
				TEST_HOST = "$(BUILT_PRODUCTS_DIR)/ZapAddressBook.app/ZapAddressBook";
			};
			name = Release;
		};
/* End XCBuildConfiguration section */

/* Begin XCConfigurationList section */
		BF8B71841B11FB67005BDFDB /* Build configuration list for PBXProject "ZapAddressBook" */ = {
			isa = XCConfigurationList;
			buildConfigurations = (
				BF8B71A61B11FB67005BDFDB /* Debug */,
				BF8B71A71B11FB67005BDFDB /* Release */,
			);
			defaultConfigurationIsVisible = 0;
			defaultConfigurationName = Release;
		};
		BF8B71A81B11FB67005BDFDB /* Build configuration list for PBXNativeTarget "ZapAddressBook" */ = {
			isa = XCConfigurationList;
			buildConfigurations = (
				BF8B71A91B11FB67005BDFDB /* Debug */,
				BF8B71AA1B11FB67005BDFDB /* Release */,
			);
			defaultConfigurationIsVisible = 0;
		};
		BF8B71AB1B11FB67005BDFDB /* Build configuration list for PBXNativeTarget "ZapAddressBookTests" */ = {
			isa = XCConfigurationList;
			buildConfigurations = (
				BF8B71AC1B11FB67005BDFDB /* Debug */,
				BF8B71AD1B11FB67005BDFDB /* Release */,
			);
			defaultConfigurationIsVisible = 0;
		};
/* End XCConfigurationList section */
	};
	rootObject = BF8B71811B11FB67005BDFDB /* Project object */;
}
